
Microsoft Visual Studio Solution File, Format Version 12.00
# Visual Studio Version 17
VisualStudioVersion = 17.4.33110.190
MinimumVisualStudioVersion = 10.0.40219.1
Project("{9A19103F-16F7-4668-BE54-9A1E7A4F7556}") = "APICatalogo", "APICatalogo\APICatalogo.csproj", "{F5EE1465-75F5-466E-A85A-9FF17CDEB854}"
EndProject
Project("{9A19103F-16F7-4668-BE54-9A1E7A4F7556}") = "APICatalogo.NET5", "APICatalogo.NET5\APICatalogo.NET5.csproj", "{545A967F-9FFA-4B48-9763-10CF53E3BF2D}"
EndProject
Project("{9A19103F-16F7-4668-BE54-9A1E7A4F7556}") = "BlazorCatalogo", "BlazorCatalogo\BlazorCatalogo.csproj", "{A127A19E-F46E-40F8-B139-446108417C42}"
EndProject
Project("{FAE04EC0-301F-11D3-BF4B-00C04F79EFBC}") = "CatalogoBD", "CatalogoBD\CatalogoBD.csproj", "{98E4A378-3686-44ED-B39D-478CEF17CB8C}"
EndProject
Global
	GlobalSection(SolutionConfigurationPlatforms) = preSolution
		Debug|Any CPU = Debug|Any CPU
		Release|Any CPU = Release|Any CPU
	EndGlobalSection
	GlobalSection(ProjectConfigurationPlatforms) = postSolution
		{F5EE1465-75F5-466E-A85A-9FF17CDEB854}.Debug|Any CPU.ActiveCfg = Debug|Any CPU
		{F5EE1465-75F5-466E-A85A-9FF17CDEB854}.Debug|Any CPU.Build.0 = Debug|Any CPU
		{F5EE1465-75F5-466E-A85A-9FF17CDEB854}.Release|Any CPU.ActiveCfg = Release|Any CPU
		{F5EE1465-75F5-466E-A85A-9FF17CDEB854}.Release|Any CPU.Build.0 = Release|Any CPU
		{545A967F-9FFA-4B48-9763-10CF53E3BF2D}.Debug|Any CPU.ActiveCfg = Debug|Any CPU
		{545A967F-9FFA-4B48-9763-10CF53E3BF2D}.Debug|Any CPU.Build.0 = Debug|Any CPU
		{545A967F-9FFA-4B48-9763-10CF53E3BF2D}.Release|Any CPU.ActiveCfg = Release|Any CPU
		{545A967F-9FFA-4B48-9763-10CF53E3BF2D}.Release|Any CPU.Build.0 = Release|Any CPU
		{A127A19E-F46E-40F8-B139-446108417C42}.Debug|Any CPU.ActiveCfg = Debug|Any CPU
		{A127A19E-F46E-40F8-B139-446108417C42}.Debug|Any CPU.Build.0 = Debug|Any CPU
		{A127A19E-F46E-40F8-B139-446108417C42}.Release|Any CPU.ActiveCfg = Release|Any CPU
		{A127A19E-F46E-40F8-B139-446108417C42}.Release|Any CPU.Build.0 = Release|Any CPU
		{98E4A378-3686-44ED-B39D-478CEF17CB8C}.Debug|Any CPU.ActiveCfg = Debug|Any CPU
		{98E4A378-3686-44ED-B39D-478CEF17CB8C}.Debug|Any CPU.Build.0 = Debug|Any CPU
		{98E4A378-3686-44ED-B39D-478CEF17CB8C}.Release|Any CPU.ActiveCfg = Release|Any CPU
		{98E4A378-3686-44ED-B39D-478CEF17CB8C}.Release|Any CPU.Build.0 = Release|Any CPU
	EndGlobalSection
	GlobalSection(SolutionProperties) = preSolution
		HideSolutionNode = FALSE
	EndGlobalSection
	GlobalSection(ExtensibilityGlobals) = postSolution
		SolutionGuid = {F6AD2084-40DD-4AEF-A85D-6873ADA89975}
	EndGlobalSection
EndGlobal
